
Microsoft Visual Studio Solution File, Format Version 12.00
# Visual Studio Version 16
VisualStudioVersion = 16.0.29519.87
MinimumVisualStudioVersion = 10.0.40219.1
Project("{2150E333-8FDC-42A3-9474-1A3956D46DE8}") = "Identity", "Identity", "{FC3DC396-24C8-47FD-814A-A139E568602C}"
EndProject
Project("{2150E333-8FDC-42A3-9474-1A3956D46DE8}") = "Customer", "Customer", "{A5FA52B7-93F5-4C2D-8695-49D578A38783}"
EndProject
Project("{9A19103F-16F7-4668-BE54-9A1E7A4F7556}") = "Identity.Services", "Identity.Services\Identity.Services.csproj", "{AF4B3E47-3C81-4B70-A8D7-C7038B9AA307}"
EndProject
Project("{9A19103F-16F7-4668-BE54-9A1E7A4F7556}") = "Identity.Web", "Identity.Web\Identity.Web.csproj", "{F370A0F4-1C76-45D3-B418-26C3320B9F0F}"
EndProject
Project("{9A19103F-16F7-4668-BE54-9A1E7A4F7556}") = "Identity.Data", "Identity.Data\Identity.Data.csproj", "{412E0B97-790E-4272-9F12-567DE55E63DD}"
EndProject
Project("{9A19103F-16F7-4668-BE54-9A1E7A4F7556}") = "StoreApi", "StoreApi\StoreApi.csproj", "{545D34A5-9726-41BD-B86F-6EA545EFC91E}"
EndProject
Project("{9A19103F-16F7-4668-BE54-9A1E7A4F7556}") = "Customer.Web", "Customer.Web\Customer.Web.csproj", "{853E5FCC-614A-4140-A41D-275650DEC96A}"
EndProject
Project("{9A19103F-16F7-4668-BE54-9A1E7A4F7556}") = "Customer.Services", "Customer.Services\Customer.Services.csproj", "{682E90F2-F87F-417A-AB86-E603ADA3C211}"
EndProject
Project("{9A19103F-16F7-4668-BE54-9A1E7A4F7556}") = "Customer.Data", "Customer.Data\Customer.Data.csproj", "{0BE8926C-FAF0-4322-AA8F-AC1B759338AC}"
EndProject
Project("{2150E333-8FDC-42A3-9474-1A3956D46DE8}") = "Common", "Common", "{0B806F21-5186-4071-A96F-DF540E6F5556}"
EndProject
Project("{2150E333-8FDC-42A3-9474-1A3956D46DE8}") = "Statistics", "Statistics", "{8FEB3060-901F-4877-8839-88E7B2B50446}"
EndProject
Project("{9A19103F-16F7-4668-BE54-9A1E7A4F7556}") = "Statistics.Web", "Statistics.Web\Statistics.Web.csproj", "{0D7E2374-C6D6-437B-ADB3-1A88F34F7641}"
EndProject
Project("{9A19103F-16F7-4668-BE54-9A1E7A4F7556}") = "Statistics.Data", "Statistics.Data\Statistics.Data.csproj", "{BBB5BF26-9CB9-425C-8367-04096E17831E}"
EndProject
Project("{9A19103F-16F7-4668-BE54-9A1E7A4F7556}") = "Statistics.Services", "Statistics.Services\Statistics.Services.csproj", "{C5446A17-6D48-4F23-AA56-CDF84FF9A480}"
EndProject
Project("{2150E333-8FDC-42A3-9474-1A3956D46DE8}") = "Customer.Gateway", "Customer.Gateway", "{C03CEA4F-D823-4EED-853C-609098550BDF}"
EndProject
Project("{9A19103F-16F7-4668-BE54-9A1E7A4F7556}") = "Customer.Gateway.Web", "Customer.Gateway.Web\Customer.Gateway.Web.csproj", "{F65CCB36-A823-473C-8B08-74AE2D8B3AB5}"
EndProject
Project("{9A19103F-16F7-4668-BE54-9A1E7A4F7556}") = "Customer.Gateway.Services", "Customer.Gateway.Services\Customer.Gateway.Services.csproj", "{8C8BD630-1478-4A5A-B589-DC3D46F3CE9B}"
EndProject
Project("{2150E333-8FDC-42A3-9474-1A3956D46DE8}") = "Admin", "Admin", "{71A5DEBD-FF96-4F79-A18B-9610AF69E239}"
EndProject
Project("{9A19103F-16F7-4668-BE54-9A1E7A4F7556}") = "Admin.Web", "Admin.Web\Admin.Web.csproj", "{5377FDB2-F721-4CD3-AEF0-D057505294E8}"
EndProject
Project("{9A19103F-16F7-4668-BE54-9A1E7A4F7556}") = "Admin.Services", "Admin.Services\Admin.Services.csproj", "{97690379-D347-4541-9D6D-C4C562EF6886}"
EndProject
Project("{2150E333-8FDC-42A3-9474-1A3956D46DE8}") = "Notifications", "Notifications", "{671DB4FD-7F76-4E0F-A9CA-7BBFCAF75D56}"
EndProject
Project("{9A19103F-16F7-4668-BE54-9A1E7A4F7556}") = "Notifications.Web", "Notifications.Web\Notifications.Web.csproj", "{3AE39052-87E5-4150-9A63-A606CC3EAB7E}"
EndProject
Project("{2150E333-8FDC-42A3-9474-1A3956D46DE8}") = "Monitoring", "Monitoring", "{74B00AEC-7C0C-4A70-88F2-5E609F6F2664}"
EndProject
Project("{FAE04EC0-301F-11D3-BF4B-00C04F79EFBC}") = "Monitoring.Watchdog", "Monitoring.Watchdog\Monitoring.Watchdog.csproj", "{2B998611-B009-4C53-8072-F4426341D8A6}"
EndProject
Global
	GlobalSection(SolutionConfigurationPlatforms) = preSolution
		Debug|Any CPU = Debug|Any CPU
		Release|Any CPU = Release|Any CPU
	EndGlobalSection
	GlobalSection(ProjectConfigurationPlatforms) = postSolution
		{AF4B3E47-3C81-4B70-A8D7-C7038B9AA307}.Debug|Any CPU.ActiveCfg = Debug|Any CPU
		{AF4B3E47-3C81-4B70-A8D7-C7038B9AA307}.Debug|Any CPU.Build.0 = Debug|Any CPU
		{AF4B3E47-3C81-4B70-A8D7-C7038B9AA307}.Release|Any CPU.ActiveCfg = Release|Any CPU
		{AF4B3E47-3C81-4B70-A8D7-C7038B9AA307}.Release|Any CPU.Build.0 = Release|Any CPU
		{F370A0F4-1C76-45D3-B418-26C3320B9F0F}.Debug|Any CPU.ActiveCfg = Debug|Any CPU
		{F370A0F4-1C76-45D3-B418-26C3320B9F0F}.Debug|Any CPU.Build.0 = Debug|Any CPU
		{F370A0F4-1C76-45D3-B418-26C3320B9F0F}.Release|Any CPU.ActiveCfg = Release|Any CPU
		{F370A0F4-1C76-45D3-B418-26C3320B9F0F}.Release|Any CPU.Build.0 = Release|Any CPU
		{412E0B97-790E-4272-9F12-567DE55E63DD}.Debug|Any CPU.ActiveCfg = Debug|Any CPU
		{412E0B97-790E-4272-9F12-567DE55E63DD}.Debug|Any CPU.Build.0 = Debug|Any CPU
		{412E0B97-790E-4272-9F12-567DE55E63DD}.Release|Any CPU.ActiveCfg = Release|Any CPU
		{412E0B97-790E-4272-9F12-567DE55E63DD}.Release|Any CPU.Build.0 = Release|Any CPU
		{545D34A5-9726-41BD-B86F-6EA545EFC91E}.Debug|Any CPU.ActiveCfg = Debug|Any CPU
		{545D34A5-9726-41BD-B86F-6EA545EFC91E}.Debug|Any CPU.Build.0 = Debug|Any CPU
		{545D34A5-9726-41BD-B86F-6EA545EFC91E}.Release|Any CPU.ActiveCfg = Release|Any CPU
		{545D34A5-9726-41BD-B86F-6EA545EFC91E}.Release|Any CPU.Build.0 = Release|Any CPU
		{853E5FCC-614A-4140-A41D-275650DEC96A}.Debug|Any CPU.ActiveCfg = Debug|Any CPU
		{853E5FCC-614A-4140-A41D-275650DEC96A}.Debug|Any CPU.Build.0 = Debug|Any CPU
		{853E5FCC-614A-4140-A41D-275650DEC96A}.Release|Any CPU.ActiveCfg = Release|Any CPU
		{853E5FCC-614A-4140-A41D-275650DEC96A}.Release|Any CPU.Build.0 = Release|Any CPU
		{682E90F2-F87F-417A-AB86-E603ADA3C211}.Debug|Any CPU.ActiveCfg = Debug|Any CPU
		{682E90F2-F87F-417A-AB86-E603ADA3C211}.Debug|Any CPU.Build.0 = Debug|Any CPU
		{682E90F2-F87F-417A-AB86-E603ADA3C211}.Release|Any CPU.ActiveCfg = Release|Any CPU
		{682E90F2-F87F-417A-AB86-E603ADA3C211}.Release|Any CPU.Build.0 = Release|Any CPU
		{0BE8926C-FAF0-4322-AA8F-AC1B759338AC}.Debug|Any CPU.ActiveCfg = Debug|Any CPU
		{0BE8926C-FAF0-4322-AA8F-AC1B759338AC}.Debug|Any CPU.Build.0 = Debug|Any CPU
		{0BE8926C-FAF0-4322-AA8F-AC1B759338AC}.Release|Any CPU.ActiveCfg = Release|Any CPU
		{0BE8926C-FAF0-4322-AA8F-AC1B759338AC}.Release|Any CPU.Build.0 = Release|Any CPU
		{0D7E2374-C6D6-437B-ADB3-1A88F34F7641}.Debug|Any CPU.ActiveCfg = Debug|Any CPU
		{0D7E2374-C6D6-437B-ADB3-1A88F34F7641}.Debug|Any CPU.Build.0 = Debug|Any CPU
		{0D7E2374-C6D6-437B-ADB3-1A88F34F7641}.Release|Any CPU.ActiveCfg = Release|Any CPU
		{0D7E2374-C6D6-437B-ADB3-1A88F34F7641}.Release|Any CPU.Build.0 = Release|Any CPU
		{BBB5BF26-9CB9-425C-8367-04096E17831E}.Debug|Any CPU.ActiveCfg = Debug|Any CPU
		{BBB5BF26-9CB9-425C-8367-04096E17831E}.Debug|Any CPU.Build.0 = Debug|Any CPU
		{BBB5BF26-9CB9-425C-8367-04096E17831E}.Release|Any CPU.ActiveCfg = Release|Any CPU
		{BBB5BF26-9CB9-425C-8367-04096E17831E}.Release|Any CPU.Build.0 = Release|Any CPU
		{C5446A17-6D48-4F23-AA56-CDF84FF9A480}.Debug|Any CPU.ActiveCfg = Debug|Any CPU
		{C5446A17-6D48-4F23-AA56-CDF84FF9A480}.Debug|Any CPU.Build.0 = Debug|Any CPU
		{C5446A17-6D48-4F23-AA56-CDF84FF9A480}.Release|Any CPU.ActiveCfg = Release|Any CPU
		{C5446A17-6D48-4F23-AA56-CDF84FF9A480}.Release|Any CPU.Build.0 = Release|Any CPU
		{F65CCB36-A823-473C-8B08-74AE2D8B3AB5}.Debug|Any CPU.ActiveCfg = Debug|Any CPU
		{F65CCB36-A823-473C-8B08-74AE2D8B3AB5}.Debug|Any CPU.Build.0 = Debug|Any CPU
		{F65CCB36-A823-473C-8B08-74AE2D8B3AB5}.Release|Any CPU.ActiveCfg = Release|Any CPU
		{F65CCB36-A823-473C-8B08-74AE2D8B3AB5}.Release|Any CPU.Build.0 = Release|Any CPU
		{8C8BD630-1478-4A5A-B589-DC3D46F3CE9B}.Debug|Any CPU.ActiveCfg = Debug|Any CPU
		{8C8BD630-1478-4A5A-B589-DC3D46F3CE9B}.Debug|Any CPU.Build.0 = Debug|Any CPU
		{8C8BD630-1478-4A5A-B589-DC3D46F3CE9B}.Release|Any CPU.ActiveCfg = Release|Any CPU
		{8C8BD630-1478-4A5A-B589-DC3D46F3CE9B}.Release|Any CPU.Build.0 = Release|Any CPU
		{5377FDB2-F721-4CD3-AEF0-D057505294E8}.Debug|Any CPU.ActiveCfg = Debug|Any CPU
		{5377FDB2-F721-4CD3-AEF0-D057505294E8}.Debug|Any CPU.Build.0 = Debug|Any CPU
		{5377FDB2-F721-4CD3-AEF0-D057505294E8}.Release|Any CPU.ActiveCfg = Release|Any CPU
		{5377FDB2-F721-4CD3-AEF0-D057505294E8}.Release|Any CPU.Build.0 = Release|Any CPU
		{97690379-D347-4541-9D6D-C4C562EF6886}.Debug|Any CPU.ActiveCfg = Debug|Any CPU
		{97690379-D347-4541-9D6D-C4C562EF6886}.Debug|Any CPU.Build.0 = Debug|Any CPU
		{97690379-D347-4541-9D6D-C4C562EF6886}.Release|Any CPU.ActiveCfg = Release|Any CPU
		{97690379-D347-4541-9D6D-C4C562EF6886}.Release|Any CPU.Build.0 = Release|Any CPU
		{3AE39052-87E5-4150-9A63-A606CC3EAB7E}.Debug|Any CPU.ActiveCfg = Debug|Any CPU
		{3AE39052-87E5-4150-9A63-A606CC3EAB7E}.Debug|Any CPU.Build.0 = Debug|Any CPU
		{3AE39052-87E5-4150-9A63-A606CC3EAB7E}.Release|Any CPU.ActiveCfg = Release|Any CPU
		{3AE39052-87E5-4150-9A63-A606CC3EAB7E}.Release|Any CPU.Build.0 = Release|Any CPU
		{2B998611-B009-4C53-8072-F4426341D8A6}.Debug|Any CPU.ActiveCfg = Debug|Any CPU
		{2B998611-B009-4C53-8072-F4426341D8A6}.Debug|Any CPU.Build.0 = Debug|Any CPU
		{2B998611-B009-4C53-8072-F4426341D8A6}.Release|Any CPU.ActiveCfg = Release|Any CPU
		{2B998611-B009-4C53-8072-F4426341D8A6}.Release|Any CPU.Build.0 = Release|Any CPU
	EndGlobalSection
	GlobalSection(SolutionProperties) = preSolution
		HideSolutionNode = FALSE
	EndGlobalSection
	GlobalSection(NestedProjects) = preSolution
		{AF4B3E47-3C81-4B70-A8D7-C7038B9AA307} = {FC3DC396-24C8-47FD-814A-A139E568602C}
		{F370A0F4-1C76-45D3-B418-26C3320B9F0F} = {FC3DC396-24C8-47FD-814A-A139E568602C}
		{412E0B97-790E-4272-9F12-567DE55E63DD} = {FC3DC396-24C8-47FD-814A-A139E568602C}
		{545D34A5-9726-41BD-B86F-6EA545EFC91E} = {0B806F21-5186-4071-A96F-DF540E6F5556}
		{853E5FCC-614A-4140-A41D-275650DEC96A} = {A5FA52B7-93F5-4C2D-8695-49D578A38783}
		{682E90F2-F87F-417A-AB86-E603ADA3C211} = {A5FA52B7-93F5-4C2D-8695-49D578A38783}
		{0BE8926C-FAF0-4322-AA8F-AC1B759338AC} = {A5FA52B7-93F5-4C2D-8695-49D578A38783}
		{0D7E2374-C6D6-437B-ADB3-1A88F34F7641} = {8FEB3060-901F-4877-8839-88E7B2B50446}
		{BBB5BF26-9CB9-425C-8367-04096E17831E} = {8FEB3060-901F-4877-8839-88E7B2B50446}
		{C5446A17-6D48-4F23-AA56-CDF84FF9A480} = {8FEB3060-901F-4877-8839-88E7B2B50446}
		{F65CCB36-A823-473C-8B08-74AE2D8B3AB5} = {C03CEA4F-D823-4EED-853C-609098550BDF}
		{8C8BD630-1478-4A5A-B589-DC3D46F3CE9B} = {C03CEA4F-D823-4EED-853C-609098550BDF}
		{5377FDB2-F721-4CD3-AEF0-D057505294E8} = {71A5DEBD-FF96-4F79-A18B-9610AF69E239}
		{97690379-D347-4541-9D6D-C4C562EF6886} = {71A5DEBD-FF96-4F79-A18B-9610AF69E239}
		{3AE39052-87E5-4150-9A63-A606CC3EAB7E} = {671DB4FD-7F76-4E0F-A9CA-7BBFCAF75D56}
		{2B998611-B009-4C53-8072-F4426341D8A6} = {74B00AEC-7C0C-4A70-88F2-5E609F6F2664}
	EndGlobalSection
	GlobalSection(ExtensibilityGlobals) = postSolution
		SolutionGuid = {9097C77F-1CE5-4783-85F2-3C659BEB5501}
	EndGlobalSection
EndGlobal
