
Microsoft Visual Studio Solution File, Format Version 12.00
# Visual Studio Version 16
VisualStudioVersion = 16.0.29519.87
MinimumVisualStudioVersion = 10.0.40219.1
Project("{2150E333-8FDC-42A3-9474-1A3956D46DE8}") = "Identity", "Identity", "{FC3DC396-24C8-47FD-814A-A139E568602C}"
EndProject
Project("{2150E333-8FDC-42A3-9474-1A3956D46DE8}") = "Customer", "Customer", "{A5FA52B7-93F5-4C2D-8695-49D578A38783}"
EndProject
Project("{9A19103F-16F7-4668-BE54-9A1E7A4F7556}") = "Identity.Services", "Identity.Services\Identity.Services.csproj", "{AF4B3E47-3C81-4B70-A8D7-C7038B9AA307}"
EndProject
Project("{9A19103F-16F7-4668-BE54-9A1E7A4F7556}") = "Identity.Web", "Identity.Web\Identity.Web.csproj", "{F370A0F4-1C76-45D3-B418-26C3320B9F0F}"
EndProject
Project("{9A19103F-16F7-4668-BE54-9A1E7A4F7556}") = "Identity.Data", "Identity.Data\Identity.Data.csproj", "{412E0B97-790E-4272-9F12-567DE55E63DD}"
EndProject
Project("{9A19103F-16F7-4668-BE54-9A1E7A4F7556}") = "StoreApi", "StoreApi\StoreApi.csproj", "{545D34A5-9726-41BD-B86F-6EA545EFC91E}"
EndProject
Project("{9A19103F-16F7-4668-BE54-9A1E7A4F7556}") = "Customer.Web", "Customer.Web\Customer.Web.csproj", "{853E5FCC-614A-4140-A41D-275650DEC96A}"
EndProject
Project("{9A19103F-16F7-4668-BE54-9A1E7A4F7556}") = "Customer.Services", "Customer.Services\Customer.Services.csproj", "{682E90F2-F87F-417A-AB86-E603ADA3C211}"
EndProject
Project("{9A19103F-16F7-4668-BE54-9A1E7A4F7556}") = "Customer.Data", "Customer.Data\Customer.Data.csproj", "{0BE8926C-FAF0-4322-AA8F-AC1B759338AC}"
EndProject
Project("{2150E333-8FDC-42A3-9474-1A3956D46DE8}") = "Common", "Common", "{0B806F21-5186-4071-A96F-DF540E6F5556}"
EndProject
Global
	GlobalSection(SolutionConfigurationPlatforms) = preSolution
		Debug|Any CPU = Debug|Any CPU
		Release|Any CPU = Release|Any CPU
	EndGlobalSection
	GlobalSection(ProjectConfigurationPlatforms) = postSolution
		{AF4B3E47-3C81-4B70-A8D7-C7038B9AA307}.Debug|Any CPU.ActiveCfg = Debug|Any CPU
		{AF4B3E47-3C81-4B70-A8D7-C7038B9AA307}.Debug|Any CPU.Build.0 = Debug|Any CPU
		{AF4B3E47-3C81-4B70-A8D7-C7038B9AA307}.Release|Any CPU.ActiveCfg = Release|Any CPU
		{AF4B3E47-3C81-4B70-A8D7-C7038B9AA307}.Release|Any CPU.Build.0 = Release|Any CPU
		{F370A0F4-1C76-45D3-B418-26C3320B9F0F}.Debug|Any CPU.ActiveCfg = Debug|Any CPU
		{F370A0F4-1C76-45D3-B418-26C3320B9F0F}.Debug|Any CPU.Build.0 = Debug|Any CPU
		{F370A0F4-1C76-45D3-B418-26C3320B9F0F}.Release|Any CPU.ActiveCfg = Release|Any CPU
		{F370A0F4-1C76-45D3-B418-26C3320B9F0F}.Release|Any CPU.Build.0 = Release|Any CPU
		{412E0B97-790E-4272-9F12-567DE55E63DD}.Debug|Any CPU.ActiveCfg = Debug|Any CPU
		{412E0B97-790E-4272-9F12-567DE55E63DD}.Debug|Any CPU.Build.0 = Debug|Any CPU
		{412E0B97-790E-4272-9F12-567DE55E63DD}.Release|Any CPU.ActiveCfg = Release|Any CPU
		{412E0B97-790E-4272-9F12-567DE55E63DD}.Release|Any CPU.Build.0 = Release|Any CPU
		{545D34A5-9726-41BD-B86F-6EA545EFC91E}.Debug|Any CPU.ActiveCfg = Debug|Any CPU
		{545D34A5-9726-41BD-B86F-6EA545EFC91E}.Debug|Any CPU.Build.0 = Debug|Any CPU
		{545D34A5-9726-41BD-B86F-6EA545EFC91E}.Release|Any CPU.ActiveCfg = Release|Any CPU
		{545D34A5-9726-41BD-B86F-6EA545EFC91E}.Release|Any CPU.Build.0 = Release|Any CPU
		{853E5FCC-614A-4140-A41D-275650DEC96A}.Debug|Any CPU.ActiveCfg = Debug|Any CPU
		{853E5FCC-614A-4140-A41D-275650DEC96A}.Debug|Any CPU.Build.0 = Debug|Any CPU
		{853E5FCC-614A-4140-A41D-275650DEC96A}.Release|Any CPU.ActiveCfg = Release|Any CPU
		{853E5FCC-614A-4140-A41D-275650DEC96A}.Release|Any CPU.Build.0 = Release|Any CPU
		{682E90F2-F87F-417A-AB86-E603ADA3C211}.Debug|Any CPU.ActiveCfg = Debug|Any CPU
		{682E90F2-F87F-417A-AB86-E603ADA3C211}.Debug|Any CPU.Build.0 = Debug|Any CPU
		{682E90F2-F87F-417A-AB86-E603ADA3C211}.Release|Any CPU.ActiveCfg = Release|Any CPU
		{682E90F2-F87F-417A-AB86-E603ADA3C211}.Release|Any CPU.Build.0 = Release|Any CPU
		{0BE8926C-FAF0-4322-AA8F-AC1B759338AC}.Debug|Any CPU.ActiveCfg = Debug|Any CPU
		{0BE8926C-FAF0-4322-AA8F-AC1B759338AC}.Debug|Any CPU.Build.0 = Debug|Any CPU
		{0BE8926C-FAF0-4322-AA8F-AC1B759338AC}.Release|Any CPU.ActiveCfg = Release|Any CPU
		{0BE8926C-FAF0-4322-AA8F-AC1B759338AC}.Release|Any CPU.Build.0 = Release|Any CPU
	EndGlobalSection
	GlobalSection(SolutionProperties) = preSolution
		HideSolutionNode = FALSE
	EndGlobalSection
	GlobalSection(NestedProjects) = preSolution
		{AF4B3E47-3C81-4B70-A8D7-C7038B9AA307} = {FC3DC396-24C8-47FD-814A-A139E568602C}
		{F370A0F4-1C76-45D3-B418-26C3320B9F0F} = {FC3DC396-24C8-47FD-814A-A139E568602C}
		{412E0B97-790E-4272-9F12-567DE55E63DD} = {FC3DC396-24C8-47FD-814A-A139E568602C}
		{545D34A5-9726-41BD-B86F-6EA545EFC91E} = {0B806F21-5186-4071-A96F-DF540E6F5556}
		{853E5FCC-614A-4140-A41D-275650DEC96A} = {A5FA52B7-93F5-4C2D-8695-49D578A38783}
		{682E90F2-F87F-417A-AB86-E603ADA3C211} = {A5FA52B7-93F5-4C2D-8695-49D578A38783}
		{0BE8926C-FAF0-4322-AA8F-AC1B759338AC} = {A5FA52B7-93F5-4C2D-8695-49D578A38783}
	EndGlobalSection
	GlobalSection(ExtensibilityGlobals) = postSolution
		SolutionGuid = {9097C77F-1CE5-4783-85F2-3C659BEB5501}
	EndGlobalSection
EndGlobal
